
Microsoft Visual Studio Solution File, Format Version 12.00
# Visual Studio 14
VisualStudioVersion = 14.0.25420.1
MinimumVisualStudioVersion = 10.0.40219.1
Project("{FAE04EC0-301F-11D3-BF4B-00C04F79EFBC}") = "Callcenter", "Callcenter.csproj", "{7729DB82-56A8-424F-BE63-227E91A0261F}"
EndProject
Global
	GlobalSection(SolutionConfigurationPlatforms) = preSolution
		Debug|Any CPU = Debug|Any CPU
		Release|Any CPU = Release|Any CPU
	EndGlobalSection
	GlobalSection(ProjectConfigurationPlatforms) = postSolution
		{7729DB82-56A8-424F-BE63-227E91A0261F}.Debug|Any CPU.ActiveCfg = Debug|Any CPU
		{7729DB82-56A8-424F-BE63-227E91A0261F}.Debug|Any CPU.Build.0 = Debug|Any CPU
		{7729DB82-56A8-424F-BE63-227E91A0261F}.Release|Any CPU.ActiveCfg = Release|Any CPU
		{7729DB82-56A8-424F-BE63-227E91A0261F}.Release|Any CPU.Build.0 = Release|Any CPU
	EndGlobalSection
	GlobalSection(SolutionProperties) = preSolution
		HideSolutionNode = FALSE
	EndGlobalSection
EndGlobal
